<?xml version="1.0" encoding="utf-8"?>
<Project ToolsVersion="4.0" xmlns="http://schemas.microsoft.com/developer/msbuild/2003">
  <ItemGroup>
    <Filter Include="controller">
      <UniqueIdentifier>{09C867BF-F57F-A90C-5E87-82684A5E44FD}</UniqueIdentifier>
    </Filter>
    <Filter Include="model">
      <UniqueIdentifier>{F603F20F-6218-1AC1-2B9A-BD20976D16F2}</UniqueIdentifier>
    </Filter>
    <Filter Include="presenter">
      <UniqueIdentifier>{3DF73B90-A961-F006-F29F-A1AC5E49CE5B}</UniqueIdentifier>
    </Filter>
    <Filter Include="presenter\color">
      <UniqueIdentifier>{AB589ACD-17E4-0792-20F5-8A868CFF6392}</UniqueIdentifier>
    </Filter>
    <Filter Include="presenter\output">
      <UniqueIdentifier>{BD50549D-A949-73EF-D27B-5874BED352FB}</UniqueIdentifier>
    </Filter>
    <Filter Include="presenter\views">
      <UniqueIdentifier>{3AC3EECE-A64E-5C93-AF5F-DF871B6AB893}</UniqueIdentifier>
    </Filter>
    <Filter Include="service">
      <UniqueIdentifier>{9659138C-0239-9227-0B51-1DFE77AFF888}</UniqueIdentifier>
    </Filter>
    <Filter Include="service\assertion">
      <UniqueIdentifier>{9D8925EA-09A0-2380-5217-AFA1BE6CF407}</UniqueIdentifier>
    </Filter>
    <Filter Include="testBuilder">
      <UniqueIdentifier>{CC9C6A44-3852-E339-C146-DD102DFBD93D}</UniqueIdentifier>
    </Filter>
  </ItemGroup>
  <ItemGroup>
    <ClInclude Include="src\atl_includes.h" />
    <ClInclude Include="src\controller\AtlController.h">
      <Filter>controller</Filter>
    </ClInclude>
    <ClInclude Include="src\model\ChildrenResult.h">
      <Filter>model</Filter>
    </ClInclude>
    <ClInclude Include="src\model\Model.h">
      <Filter>model</Filter>
    </ClInclude>
    <ClInclude Include="src\model\Result.h">
      <Filter>model</Filter>
    </ClInclude>
    <ClInclude Include="src\model\StackMap.h">
      <Filter>model</Filter>
    </ClInclude>
    <ClInclude Include="src\model\TestData.h">
      <Filter>model</Filter>
    </ClInclude>
    <ClInclude Include="src\presenter\Presenter.h">
      <Filter>presenter</Filter>
    </ClInclude>
    <ClInclude Include="src\presenter\ResultStringWriter.h">
      <Filter>presenter</Filter>
    </ClInclude>
    <ClInclude Include="src\presenter\color\colorHelpers.h">
      <Filter>presenter\color</Filter>
    </ClInclude>
    <ClInclude Include="src\presenter\output\ConsoleOutputWriter.h">
      <Filter>presenter\output</Filter>
    </ClInclude>
    <ClInclude Include="src\presenter\output\OutputWriter.h">
      <Filter>presenter\output</Filter>
    </ClInclude>
    <ClInclude Include="src\presenter\views\AssertResultView.h">
      <Filter>presenter\views</Filter>
    </ClInclude>
    <ClInclude Include="src\presenter\views\CommonViews.h">
      <Filter>presenter\views</Filter>
    </ClInclude>
    <ClInclude Include="src\presenter\views\ModuleView.h">
      <Filter>presenter\views</Filter>
    </ClInclude>
    <ClInclude Include="src\presenter\views\TestClassView.h">
      <Filter>presenter\views</Filter>
    </ClInclude>
    <ClInclude Include="src\presenter\views\UnitTestView.h">
      <Filter>presenter\views</Filter>
    </ClInclude>
    <ClInclude Include="src\presenter\views\Views.h">
      <Filter>presenter\views</Filter>
    </ClInclude>
    <ClInclude Include="src\service\AtlService.h">
      <Filter>service</Filter>
    </ClInclude>
    <ClInclude Include="src\service\TestRunner.h">
      <Filter>service</Filter>
    </ClInclude>
    <ClInclude Include="src\service\assertion\IsEqualTo.h">
      <Filter>service\assertion</Filter>
    </ClInclude>
    <ClInclude Include="src\service\assertion\ToStringTemplate.h">
      <Filter>service\assertion</Filter>
    </ClInclude>
    <ClInclude Include="src\template.h" />
    <ClInclude Include="src\testBuilder\AllTestBuilder.h">
      <Filter>testBuilder</Filter>
    </ClInclude>
    <ClInclude Include="src\testBuilder\ModuleBuilder.h">
      <Filter>testBuilder</Filter>
    </ClInclude>
    <ClInclude Include="src\testBuilder\TestBuilder.h">
      <Filter>testBuilder</Filter>
    </ClInclude>
    <ClInclude Include="src\testBuilder\TestClassBuilder.h">
      <Filter>testBuilder</Filter>
    </ClInclude>
    <ClInclude Include="src\testBuilder\TestTreeBuilder.h">
      <Filter>testBuilder</Filter>
    </ClInclude>
    <ClInclude Include="src\testBuilder\UnitTestBuilder.h">
      <Filter>testBuilder</Filter>
    </ClInclude>
  </ItemGroup>
  <ItemGroup>
    <ClCompile Include="src\controller\AtlController.cpp">
      <Filter>controller</Filter>
    </ClCompile>
    <ClCompile Include="src\presenter\Presenter.cpp">
      <Filter>presenter</Filter>
    </ClCompile>
    <ClCompile Include="src\presenter\color\colorHelpers.cpp">
      <Filter>presenter\color</Filter>
    </ClCompile>
    <ClCompile Include="src\presenter\output\ConsoleOutputWriter.cpp">
      <Filter>presenter\output</Filter>
    </ClCompile>
    <ClCompile Include="src\service\AtlService.cpp">
      <Filter>service</Filter>
    </ClCompile>
    <ClCompile Include="src\service\TestRunner.cpp">
      <Filter>service</Filter>
    </ClCompile>
    <ClCompile Include="src\testBuilder\TestTreeBuilder.cpp">
      <Filter>testBuilder</Filter>
    </ClCompile>
  </ItemGroup>
</Project>